{
  "version": 4,
  "terraform_version": "0.15.0",
  "serial": 47,
  "lineage": "8968e017-d670-7287-c74b-3882c8b18baa",
  "outputs": {},
  "resources": [
    {
      "mode": "managed",
      "type": "azurerm_network_interface",
      "name": "atlanticnic1",
      "provider": "provider[\"registry.terraform.io/hashicorp/azurerm\"]",
      "instances": [
        {
          "schema_version": 0,
          "attributes": {
            "applied_dns_servers": [],
            "dns_servers": [],
            "enable_accelerated_networking": false,
            "enable_ip_forwarding": false,
            "id": "/subscriptions/5a1fc677-f38e-4db0-a25e-3a9b37fa0d7d/resourceGroups/TerraResourceGroup/providers/Microsoft.Network/networkInterfaces/atlanticnic1",
            "internal_dns_name_label": "",
            "internal_fqdn": "",
            "ip_configuration": [
              {
                "application_gateway_backend_address_pools_ids": [],
                "application_security_group_ids": [],
                "load_balancer_backend_address_pools_ids": [],
                "load_balancer_inbound_nat_rules_ids": [],
                "name": "NicConfiguration",
                "primary": true,
                "private_ip_address": "",
                "private_ip_address_allocation": "dynamic",
                "private_ip_address_version": "IPv4",
                "public_ip_address_id": "/subscriptions/5a1fc677-f38e-4db0-a25e-3a9b37fa0d7d/resourceGroups/TerraResourceGroup/providers/Microsoft.Network/publicIPAddresses/PublicIP",
                "subnet_id": "/subscriptions/5a1fc677-f38e-4db0-a25e-3a9b37fa0d7d/resourceGroups/TerraResourceGroup/providers/Microsoft.Network/virtualNetworks/Vnet1/subnets/Subnet1"
              }
            ],
            "location": "uksouth",
            "mac_address": "",
            "name": "atlanticnic1",
            "network_security_group_id": "/subscriptions/5a1fc677-f38e-4db0-a25e-3a9b37fa0d7d/resourceGroups/TerraResourceGroup/providers/Microsoft.Network/networkSecurityGroups/AtlanticNSG",
            "private_ip_address": "10.0.2.4",
            "private_ip_addresses": [
              "10.0.2.4"
            ],
            "resource_group_name": "TerraResourceGroup",
            "tags": {
              "environment": "Production"
            },
            "virtual_machine_id": null
          },
          "sensitive_attributes": [],
          "private": "bnVsbA==",
          "dependencies": [
            "azurerm_network_security_group.atlanticnsg1",
            "azurerm_public_ip.atlanticpublicip",
            "azurerm_resource_group.atlanticgroup",
            "azurerm_subnet.atlanticsubnet1",
            "azurerm_virtual_network.atlanticnetwork1"
          ]
        }
      ]
    },
    {
      "mode": "managed",
      "type": "azurerm_network_security_group",
      "name": "atlanticnsg1",
      "provider": "provider[\"registry.terraform.io/hashicorp/azurerm\"]",
      "instances": [
        {
          "schema_version": 0,
          "attributes": {
            "id": "/subscriptions/5a1fc677-f38e-4db0-a25e-3a9b37fa0d7d/resourceGroups/TerraResourceGroup/providers/Microsoft.Network/networkSecurityGroups/AtlanticNSG",
            "location": "uksouth",
            "name": "AtlanticNSG",
            "resource_group_name": "TerraResourceGroup",
            "security_rule": [
              {
                "access": "Allow",
                "description": "",
                "destination_address_prefix": "*",
                "destination_address_prefixes": [],
                "destination_application_security_group_ids": [],
                "destination_port_range": "3389",
                "destination_port_ranges": [],
                "direction": "Inbound",
                "name": "RDP",
                "priority": 1001,
                "protocol": "Tcp",
                "source_address_prefix": "*",
                "source_address_prefixes": [],
                "source_application_security_group_ids": [],
                "source_port_range": "*",
                "source_port_ranges": []
              }
            ],
            "tags": {
              "environment": "Production"
            }
          },
          "sensitive_attributes": [],
          "private": "bnVsbA==",
          "dependencies": [
            "azurerm_resource_group.atlanticgroup"
          ]
        }
      ]
    },
    {
      "mode": "managed",
      "type": "azurerm_public_ip",
      "name": "atlanticpublicip",
      "provider": "provider[\"registry.terraform.io/hashicorp/azurerm\"]",
      "instances": [
        {
          "schema_version": 0,
          "attributes": {
            "allocation_method": "Dynamic",
            "domain_name_label": null,
            "fqdn": null,
            "id": "/subscriptions/5a1fc677-f38e-4db0-a25e-3a9b37fa0d7d/resourceGroups/TerraResourceGroup/providers/Microsoft.Network/publicIPAddresses/PublicIP",
            "idle_timeout_in_minutes": 4,
            "ip_address": "",
            "ip_version": "IPv4",
            "location": "uksouth",
            "name": "PublicIP",
            "public_ip_address_allocation": "Dynamic",
            "public_ip_prefix_id": null,
            "resource_group_name": "TerraResourceGroup",
            "reverse_fqdn": null,
            "sku": "Basic",
            "tags": {
              "environment": "Production"
            },
            "zones": null
          },
          "sensitive_attributes": [],
          "private": "bnVsbA==",
          "dependencies": [
            "azurerm_resource_group.atlanticgroup"
          ]
        }
      ]
    },
    {
      "mode": "managed",
      "type": "azurerm_resource_group",
      "name": "atlanticgroup",
      "provider": "provider[\"registry.terraform.io/hashicorp/azurerm\"]",
      "instances": [
        {
          "schema_version": 0,
          "attributes": {
            "id": "/subscriptions/5a1fc677-f38e-4db0-a25e-3a9b37fa0d7d/resourceGroups/TerraResourceGroup",
            "location": "uksouth",
            "name": "TerraResourceGroup",
            "tags": {
              "environment": "Production"
            }
          },
          "sensitive_attributes": [],
          "private": "bnVsbA=="
        }
      ]
    },
    {
      "mode": "managed",
      "type": "azurerm_subnet",
      "name": "atlanticsubnet1",
      "provider": "provider[\"registry.terraform.io/hashicorp/azurerm\"]",
      "instances": [
        {
          "schema_version": 0,
          "attributes": {
            "address_prefix": "10.0.2.0/24",
            "delegation": [],
            "id": "/subscriptions/5a1fc677-f38e-4db0-a25e-3a9b37fa0d7d/resourceGroups/TerraResourceGroup/providers/Microsoft.Network/virtualNetworks/Vnet1/subnets/Subnet1",
            "ip_configurations": [],
            "name": "Subnet1",
            "network_security_group_id": "",
            "resource_group_name": "TerraResourceGroup",
            "route_table_id": "",
            "service_endpoints": null,
            "virtual_network_name": "Vnet1"
          },
          "sensitive_attributes": [],
          "private": "bnVsbA==",
          "dependencies": [
            "azurerm_resource_group.atlanticgroup",
            "azurerm_virtual_network.atlanticnetwork1"
          ]
        }
      ]
    },
    {
      "mode": "managed",
      "type": "azurerm_virtual_machine",
      "name": "atlanticvm",
      "provider": "provider[\"registry.terraform.io/hashicorp/azurerm\"]",
      "instances": [
        {
          "schema_version": 0,
          "attributes": {
            "additional_capabilities": [],
            "availability_set_id": null,
            "boot_diagnostics": [],
            "delete_data_disks_on_termination": false,
            "delete_os_disk_on_termination": false,
            "id": "/subscriptions/5a1fc677-f38e-4db0-a25e-3a9b37fa0d7d/resourceGroups/TerraResourceGroup/providers/Microsoft.Compute/virtualMachines/AtlanticVM",
            "identity": [],
            "license_type": null,
            "location": "uksouth",
            "name": "AtlanticVM",
            "network_interface_ids": [
              "/subscriptions/5a1fc677-f38e-4db0-a25e-3a9b37fa0d7d/resourceGroups/TerraResourceGroup/providers/Microsoft.Network/networkInterfaces/atlanticnic1"
            ],
            "os_profile": [
              {
                "admin_password": "",
                "admin_username": "azureuser",
                "computer_name": "atlanticvm",
                "custom_data": ""
              }
            ],
            "os_profile_linux_config": [],
            "os_profile_secrets": [],
            "os_profile_windows_config": [
              {
                "additional_unattend_config": [],
                "enable_automatic_upgrades": false,
                "provision_vm_agent": true,
                "timezone": "",
                "winrm": []
              }
            ],
            "plan": [],
            "primary_network_interface_id": null,
            "proximity_placement_group_id": null,
            "resource_group_name": "TerraResourceGroup",
            "storage_data_disk": [],
            "storage_image_reference": [
              {
                "id": "",
                "offer": "WindowsServer",
                "publisher": "MicrosoftWindowsServer",
                "sku": "2016-Datacenter",
                "version": "latest"
              }
            ],
            "storage_os_disk": [
              {
                "caching": "ReadWrite",
                "create_option": "FromImage",
                "disk_size_gb": 127,
                "image_uri": "",
                "managed_disk_id": "/subscriptions/5a1fc677-f38e-4db0-a25e-3a9b37fa0d7d/resourceGroups/TerraResourceGroup/providers/Microsoft.Compute/disks/OsDisk",
                "managed_disk_type": "Standard_LRS",
                "name": "OsDisk",
                "os_type": "Windows",
                "vhd_uri": "",
                "write_accelerator_enabled": false
              }
            ],
            "tags": {
              "environment": "Production"
            },
            "vm_size": "Standard_DS1_v2",
            "zones": null
          },
          "sensitive_attributes": [],
          "private": "bnVsbA==",
          "dependencies": [
            "azurerm_network_interface.atlanticnic1",
            "azurerm_network_security_group.atlanticnsg1",
            "azurerm_public_ip.atlanticpublicip",
            "azurerm_resource_group.atlanticgroup",
            "azurerm_subnet.atlanticsubnet1",
            "azurerm_virtual_network.atlanticnetwork1"
          ]
        }
      ]
    },
    {
      "mode": "managed",
      "type": "azurerm_virtual_network",
      "name": "atlanticnetwork1",
      "provider": "provider[\"registry.terraform.io/hashicorp/azurerm\"]",
      "instances": [
        {
          "schema_version": 0,
          "attributes": {
            "address_space": [
              "10.0.0.0/16"
            ],
            "ddos_protection_plan": [],
            "dns_servers": null,
            "id": "/subscriptions/5a1fc677-f38e-4db0-a25e-3a9b37fa0d7d/resourceGroups/TerraResourceGroup/providers/Microsoft.Network/virtualNetworks/Vnet1",
            "location": "uksouth",
            "name": "Vnet1",
            "resource_group_name": "TerraResourceGroup",
            "subnet": [],
            "tags": {
              "environment": "Production"
            }
          },
          "sensitive_attributes": [],
          "private": "bnVsbA==",
          "dependencies": [
            "azurerm_resource_group.atlanticgroup"
          ]
        }
      ]
    }
  ]
}
